
Microsoft Visual Studio Solution File, Format Version 12.00
# Visual Studio 2015
Project("{FAE04EC0-301F-11D3-BF4B-00C04F79EFBC}") = "StoryEditor.CSharp", "StoryEditor.CSharp.csproj", "{7A26FC4C-2D76-53BD-680D-ED358A854776}"
EndProject
Project("{FAE04EC0-301F-11D3-BF4B-00C04F79EFBC}") = "StoryEditor.CSharp.Editor", "StoryEditor.CSharp.Editor.csproj", "{C2B2EB3F-4DE7-4C46-C9A4-979231F8C6D3}"
EndProject
Global
	GlobalSection(SolutionConfigurationPlatforms) = preSolution
		Debug|Any CPU = Debug|Any CPU
		Release|Any CPU = Release|Any CPU
	EndGlobalSection
	GlobalSection(ProjectConfigurationPlatforms) = postSolution
		{7A26FC4C-2D76-53BD-680D-ED358A854776}.Debug|Any CPU.ActiveCfg = Debug|Any CPU
		{7A26FC4C-2D76-53BD-680D-ED358A854776}.Debug|Any CPU.Build.0 = Debug|Any CPU
		{7A26FC4C-2D76-53BD-680D-ED358A854776}.Release|Any CPU.ActiveCfg = Release|Any CPU
		{7A26FC4C-2D76-53BD-680D-ED358A854776}.Release|Any CPU.Build.0 = Release|Any CPU
		{C2B2EB3F-4DE7-4C46-C9A4-979231F8C6D3}.Debug|Any CPU.ActiveCfg = Debug|Any CPU
		{C2B2EB3F-4DE7-4C46-C9A4-979231F8C6D3}.Debug|Any CPU.Build.0 = Debug|Any CPU
		{C2B2EB3F-4DE7-4C46-C9A4-979231F8C6D3}.Release|Any CPU.ActiveCfg = Release|Any CPU
		{C2B2EB3F-4DE7-4C46-C9A4-979231F8C6D3}.Release|Any CPU.Build.0 = Release|Any CPU
	EndGlobalSection
	GlobalSection(SolutionProperties) = preSolution
		HideSolutionNode = FALSE
	EndGlobalSection
EndGlobal
